Microsoft Visual Studio Solution File, Format Version 11.00
# Visual Studio 2008

Project("{E1DE5746-5E64-64E6-3E49-05F3EE79FDA8}") = "BeeTest", "Assembly-CSharp.csproj", "{414E97C1-E752-24B2-E4BA-2017B0951425}"
EndProject
Project("{E1DE5746-5E64-64E6-3E49-05F3EE79FDA8}") = "BeeTest", "Assembly-CSharp-Editor.csproj", "{DBAE0C42-09BC-EC2B-D060-E0B51624B0CF}"
EndProject
Global
	GlobalSection(SolutionConfigurationPlatforms) = preSolution
		Debug|Any CPU = Debug|Any CPU
		Release|Any CPU = Release|Any CPU
	EndGlobalSection
	GlobalSection(ProjectConfigurationPlatforms) = postSolution
		{414E97C1-E752-24B2-E4BA-2017B0951425}.Debug|Any CPU.ActiveCfg = Debug|Any CPU
		{414E97C1-E752-24B2-E4BA-2017B0951425}.Debug|Any CPU.Build.0 = Debug|Any CPU
		{414E97C1-E752-24B2-E4BA-2017B0951425}.Release|Any CPU.ActiveCfg = Release|Any CPU
		{414E97C1-E752-24B2-E4BA-2017B0951425}.Release|Any CPU.Build.0 = Release|Any CPU
		{DBAE0C42-09BC-EC2B-D060-E0B51624B0CF}.Debug|Any CPU.ActiveCfg = Debug|Any CPU
		{DBAE0C42-09BC-EC2B-D060-E0B51624B0CF}.Debug|Any CPU.Build.0 = Debug|Any CPU
		{DBAE0C42-09BC-EC2B-D060-E0B51624B0CF}.Release|Any CPU.ActiveCfg = Release|Any CPU
		{DBAE0C42-09BC-EC2B-D060-E0B51624B0CF}.Release|Any CPU.Build.0 = Release|Any CPU
	EndGlobalSection
	GlobalSection(SolutionProperties) = preSolution
		HideSolutionNode = FALSE
	EndGlobalSection
																																																																																																																																																																																																																	GlobalSection(MonoDevelopProperties) = preSolution
		StartupItem = Assembly-CSharp.csproj
		Policies = $0
		$0.TextStylePolicy = $1
		$1.inheritsSet = null
		$1.scope = text/x-csharp
		$0.CSharpFormattingPolicy = $2
		$2.inheritsSet = Mono
		$2.inheritsScope = text/x-csharp
		$2.scope = text/x-csharp
		$0.TextStylePolicy = $3
		$3.FileWidth = 120
		$3.TabWidth = 4
		$3.IndentWidth = 4
		$3.EolMarker = Unix
		$3.inheritsSet = Mono
		$3.inheritsScope = text/plain
		$3.scope = text/plain
	EndGlobalSection
EndGlobal
